
Microsoft Visual Studio Solution File, Format Version 12.00
# Visual Studio Version 17
VisualStudioVersion = 17.13.35828.75
MinimumVisualStudioVersion = 10.0.40219.1
Project("{FAE04EC0-301F-11D3-BF4B-00C04F79EFBC}") = "_01_HelloThread", "Unit1_Thread\_01_HelloThread\_01_HelloThread.csproj", "{2F34891B-7868-0B3E-2CBA-03DCA165CBA4}"
EndProject
Project("{FAE04EC0-301F-11D3-BF4B-00C04F79EFBC}") = "_02_ThreadPool", "Unit1_Thread\_02_ThreadPool\_02_ThreadPool.csproj", "{07C4F9F5-CC4D-92A1-36EC-86DA581C54BE}"
EndProject
Project("{2150E333-8FDC-42A3-9474-1A3956D46DE8}") = "Unit1_Thread", "Unit1_Thread", "{C8D5274F-AC00-46C7-1F8D-E88E81087A52}"
EndProject
Project("{FAE04EC0-301F-11D3-BF4B-00C04F79EFBC}") = "_01_AnsyncBasics", "Unit2_Task\_01_AnsyncBasics\_01_AnsyncBasics.csproj", "{75739F95-0F27-D5DE-93F5-8EA0DAAB19FB}"
EndProject
Project("{FAE04EC0-301F-11D3-BF4B-00C04F79EFBC}") = "_02_AsyncExmple_Breakfast", "Unit2_Task\_02_AsyncExmple_Breakfast\_02_AsyncExmple_Breakfast.csproj", "{392556DD-29F4-62D6-7C6D-853BB72CB7A2}"
EndProject
Project("{FAE04EC0-301F-11D3-BF4B-00C04F79EFBC}") = "_03_Concellation", "Unit2_Task\_03_Concellation\_03_Concellation.csproj", "{1AE1C30D-2640-F2AB-14A0-25D22AB46CAF}"
EndProject
Project("{FAE04EC0-301F-11D3-BF4B-00C04F79EFBC}") = "_04_Continuation", "Unit2_Task\_04_Continuation\_04_Continuation.csproj", "{5FA3B954-1FC4-276B-379A-C9D851D5C3D5}"
EndProject
Project("{FAE04EC0-301F-11D3-BF4B-00C04F79EFBC}") = "_05_ChannelPipeline", "Unit2_Task\_05_CannelPipeline\_05_ChannelPipeline.csproj", "{EF224690-D2D3-2321-BDB9-A85B82BCE1CC}"
EndProject
Project("{FAE04EC0-301F-11D3-BF4B-00C04F79EFBC}") = "_06_ValueTaskBenchmark", "Unit2_Task\_06_ValueTaskBenchmark\_06_ValueTaskBenchmark.csproj", "{28FD3671-23E0-C71F-0540-599970B8A241}"
EndProject
Project("{2150E333-8FDC-42A3-9474-1A3956D46DE8}") = "Unit2_Task", "Unit2_Task", "{6459A7D7-5EE7-4A4C-B821-1C84201314CE}"
EndProject
Project("{2150E333-8FDC-42A3-9474-1A3956D46DE8}") = "Unit3_Synchronization", "Unit3_Synchronization", "{769C9FB7-D674-4C49-B8DC-021397828DD4}"
EndProject
Project("{FAE04EC0-301F-11D3-BF4B-00C04F79EFBC}") = "_01_UnsafeToLock", "Unit3_Synchronization\_01_UnsafeToLock\_01_UnsafeToLock.csproj", "{FC0885E8-B264-7EF2-B701-F2E699A2C65C}"
EndProject
Project("{FAE04EC0-301F-11D3-BF4B-00C04F79EFBC}") = "_02_Deadlock", "Unit3_Synchronization\_02_Deadlock\_02_Deadlock.csproj", "{4E2639EB-4312-F1D0-941B-2FAA606072D5}"
EndProject
Project("{FAE04EC0-301F-11D3-BF4B-00C04F79EFBC}") = "_03_MonitorSignal", "Unit3_Synchronization\_03_MonitorSignal\_03_MonitorSignal.csproj", "{200B7EEA-ED10-2EFC-0ECC-D0B4E1AFA931}"
EndProject
Project("{2150E333-8FDC-42A3-9474-1A3956D46DE8}") = "Solution Items", "Solution Items", "{48DED97E-0975-474D-A29C-EB847EB8F44B}"
	ProjectSection(SolutionItems) = preProject
		.editorconfig = .editorconfig
	EndProjectSection
EndProject
Project("{FAE04EC0-301F-11D3-BF4B-00C04F79EFBC}") = "_04_Interlock", "Unit3_Synchronization\_04_Interlock\_04_Interlock.csproj", "{9D3F4DCD-4AAF-2C4C-9629-8E2753CA6C24}"
EndProject
Project("{FAE04EC0-301F-11D3-BF4B-00C04F79EFBC}") = "_05_ConcurrentCollections", "Unit3_Synchronization\_05_ConcurrentCollections\_05_ConcurrentCollections.csproj", "{4569E49F-4285-F621-88B4-89B14C4D61B9}"
EndProject
Project("{FAE04EC0-301F-11D3-BF4B-00C04F79EFBC}") = "_06_ThreadSafeSingleton", "Unit3_Synchronization\_06_ThreadSafeSingleton\_06_ThreadSafeSingleton.csproj", "{BA09072B-5321-3475-1C0B-04C6BA2E138E}"
EndProject
Global
	GlobalSection(SolutionConfigurationPlatforms) = preSolution
		Debug|Any CPU = Debug|Any CPU
		Release|Any CPU = Release|Any CPU
	EndGlobalSection
	GlobalSection(ProjectConfigurationPlatforms) = postSolution
		{2F34891B-7868-0B3E-2CBA-03DCA165CBA4}.Debug|Any CPU.ActiveCfg = Debug|Any CPU
		{2F34891B-7868-0B3E-2CBA-03DCA165CBA4}.Debug|Any CPU.Build.0 = Debug|Any CPU
		{2F34891B-7868-0B3E-2CBA-03DCA165CBA4}.Release|Any CPU.ActiveCfg = Release|Any CPU
		{2F34891B-7868-0B3E-2CBA-03DCA165CBA4}.Release|Any CPU.Build.0 = Release|Any CPU
		{07C4F9F5-CC4D-92A1-36EC-86DA581C54BE}.Debug|Any CPU.ActiveCfg = Debug|Any CPU
		{07C4F9F5-CC4D-92A1-36EC-86DA581C54BE}.Debug|Any CPU.Build.0 = Debug|Any CPU
		{07C4F9F5-CC4D-92A1-36EC-86DA581C54BE}.Release|Any CPU.ActiveCfg = Release|Any CPU
		{07C4F9F5-CC4D-92A1-36EC-86DA581C54BE}.Release|Any CPU.Build.0 = Release|Any CPU
		{75739F95-0F27-D5DE-93F5-8EA0DAAB19FB}.Debug|Any CPU.ActiveCfg = Debug|Any CPU
		{75739F95-0F27-D5DE-93F5-8EA0DAAB19FB}.Debug|Any CPU.Build.0 = Debug|Any CPU
		{75739F95-0F27-D5DE-93F5-8EA0DAAB19FB}.Release|Any CPU.ActiveCfg = Release|Any CPU
		{75739F95-0F27-D5DE-93F5-8EA0DAAB19FB}.Release|Any CPU.Build.0 = Release|Any CPU
		{392556DD-29F4-62D6-7C6D-853BB72CB7A2}.Debug|Any CPU.ActiveCfg = Debug|Any CPU
		{392556DD-29F4-62D6-7C6D-853BB72CB7A2}.Debug|Any CPU.Build.0 = Debug|Any CPU
		{392556DD-29F4-62D6-7C6D-853BB72CB7A2}.Release|Any CPU.ActiveCfg = Release|Any CPU
		{392556DD-29F4-62D6-7C6D-853BB72CB7A2}.Release|Any CPU.Build.0 = Release|Any CPU
		{1AE1C30D-2640-F2AB-14A0-25D22AB46CAF}.Debug|Any CPU.ActiveCfg = Debug|Any CPU
		{1AE1C30D-2640-F2AB-14A0-25D22AB46CAF}.Debug|Any CPU.Build.0 = Debug|Any CPU
		{1AE1C30D-2640-F2AB-14A0-25D22AB46CAF}.Release|Any CPU.ActiveCfg = Release|Any CPU
		{1AE1C30D-2640-F2AB-14A0-25D22AB46CAF}.Release|Any CPU.Build.0 = Release|Any CPU
		{5FA3B954-1FC4-276B-379A-C9D851D5C3D5}.Debug|Any CPU.ActiveCfg = Debug|Any CPU
		{5FA3B954-1FC4-276B-379A-C9D851D5C3D5}.Debug|Any CPU.Build.0 = Debug|Any CPU
		{5FA3B954-1FC4-276B-379A-C9D851D5C3D5}.Release|Any CPU.ActiveCfg = Release|Any CPU
		{5FA3B954-1FC4-276B-379A-C9D851D5C3D5}.Release|Any CPU.Build.0 = Release|Any CPU
		{EF224690-D2D3-2321-BDB9-A85B82BCE1CC}.Debug|Any CPU.ActiveCfg = Debug|Any CPU
		{EF224690-D2D3-2321-BDB9-A85B82BCE1CC}.Debug|Any CPU.Build.0 = Debug|Any CPU
		{EF224690-D2D3-2321-BDB9-A85B82BCE1CC}.Release|Any CPU.ActiveCfg = Release|Any CPU
		{EF224690-D2D3-2321-BDB9-A85B82BCE1CC}.Release|Any CPU.Build.0 = Release|Any CPU
		{28FD3671-23E0-C71F-0540-599970B8A241}.Debug|Any CPU.ActiveCfg = Debug|Any CPU
		{28FD3671-23E0-C71F-0540-599970B8A241}.Debug|Any CPU.Build.0 = Debug|Any CPU
		{28FD3671-23E0-C71F-0540-599970B8A241}.Release|Any CPU.ActiveCfg = Release|Any CPU
		{28FD3671-23E0-C71F-0540-599970B8A241}.Release|Any CPU.Build.0 = Release|Any CPU
		{FC0885E8-B264-7EF2-B701-F2E699A2C65C}.Debug|Any CPU.ActiveCfg = Debug|Any CPU
		{FC0885E8-B264-7EF2-B701-F2E699A2C65C}.Debug|Any CPU.Build.0 = Debug|Any CPU
		{FC0885E8-B264-7EF2-B701-F2E699A2C65C}.Release|Any CPU.ActiveCfg = Release|Any CPU
		{FC0885E8-B264-7EF2-B701-F2E699A2C65C}.Release|Any CPU.Build.0 = Release|Any CPU
		{4E2639EB-4312-F1D0-941B-2FAA606072D5}.Debug|Any CPU.ActiveCfg = Debug|Any CPU
		{4E2639EB-4312-F1D0-941B-2FAA606072D5}.Debug|Any CPU.Build.0 = Debug|Any CPU
		{4E2639EB-4312-F1D0-941B-2FAA606072D5}.Release|Any CPU.ActiveCfg = Release|Any CPU
		{4E2639EB-4312-F1D0-941B-2FAA606072D5}.Release|Any CPU.Build.0 = Release|Any CPU
		{200B7EEA-ED10-2EFC-0ECC-D0B4E1AFA931}.Debug|Any CPU.ActiveCfg = Debug|Any CPU
		{200B7EEA-ED10-2EFC-0ECC-D0B4E1AFA931}.Debug|Any CPU.Build.0 = Debug|Any CPU
		{200B7EEA-ED10-2EFC-0ECC-D0B4E1AFA931}.Release|Any CPU.ActiveCfg = Release|Any CPU
		{200B7EEA-ED10-2EFC-0ECC-D0B4E1AFA931}.Release|Any CPU.Build.0 = Release|Any CPU
		{9D3F4DCD-4AAF-2C4C-9629-8E2753CA6C24}.Debug|Any CPU.ActiveCfg = Debug|Any CPU
		{9D3F4DCD-4AAF-2C4C-9629-8E2753CA6C24}.Debug|Any CPU.Build.0 = Debug|Any CPU
		{9D3F4DCD-4AAF-2C4C-9629-8E2753CA6C24}.Release|Any CPU.ActiveCfg = Release|Any CPU
		{9D3F4DCD-4AAF-2C4C-9629-8E2753CA6C24}.Release|Any CPU.Build.0 = Release|Any CPU
		{4569E49F-4285-F621-88B4-89B14C4D61B9}.Debug|Any CPU.ActiveCfg = Debug|Any CPU
		{4569E49F-4285-F621-88B4-89B14C4D61B9}.Debug|Any CPU.Build.0 = Debug|Any CPU
		{4569E49F-4285-F621-88B4-89B14C4D61B9}.Release|Any CPU.ActiveCfg = Release|Any CPU
		{4569E49F-4285-F621-88B4-89B14C4D61B9}.Release|Any CPU.Build.0 = Release|Any CPU
		{BA09072B-5321-3475-1C0B-04C6BA2E138E}.Debug|Any CPU.ActiveCfg = Debug|Any CPU
		{BA09072B-5321-3475-1C0B-04C6BA2E138E}.Debug|Any CPU.Build.0 = Debug|Any CPU
		{BA09072B-5321-3475-1C0B-04C6BA2E138E}.Release|Any CPU.ActiveCfg = Release|Any CPU
		{BA09072B-5321-3475-1C0B-04C6BA2E138E}.Release|Any CPU.Build.0 = Release|Any CPU
	EndGlobalSection
	GlobalSection(SolutionProperties) = preSolution
		HideSolutionNode = FALSE
	EndGlobalSection
	GlobalSection(NestedProjects) = preSolution
		{2F34891B-7868-0B3E-2CBA-03DCA165CBA4} = {C8D5274F-AC00-46C7-1F8D-E88E81087A52}
		{07C4F9F5-CC4D-92A1-36EC-86DA581C54BE} = {C8D5274F-AC00-46C7-1F8D-E88E81087A52}
		{75739F95-0F27-D5DE-93F5-8EA0DAAB19FB} = {6459A7D7-5EE7-4A4C-B821-1C84201314CE}
		{392556DD-29F4-62D6-7C6D-853BB72CB7A2} = {6459A7D7-5EE7-4A4C-B821-1C84201314CE}
		{1AE1C30D-2640-F2AB-14A0-25D22AB46CAF} = {6459A7D7-5EE7-4A4C-B821-1C84201314CE}
		{5FA3B954-1FC4-276B-379A-C9D851D5C3D5} = {6459A7D7-5EE7-4A4C-B821-1C84201314CE}
		{EF224690-D2D3-2321-BDB9-A85B82BCE1CC} = {6459A7D7-5EE7-4A4C-B821-1C84201314CE}
		{28FD3671-23E0-C71F-0540-599970B8A241} = {6459A7D7-5EE7-4A4C-B821-1C84201314CE}
		{FC0885E8-B264-7EF2-B701-F2E699A2C65C} = {769C9FB7-D674-4C49-B8DC-021397828DD4}
		{4E2639EB-4312-F1D0-941B-2FAA606072D5} = {769C9FB7-D674-4C49-B8DC-021397828DD4}
		{200B7EEA-ED10-2EFC-0ECC-D0B4E1AFA931} = {769C9FB7-D674-4C49-B8DC-021397828DD4}
		{9D3F4DCD-4AAF-2C4C-9629-8E2753CA6C24} = {769C9FB7-D674-4C49-B8DC-021397828DD4}
		{4569E49F-4285-F621-88B4-89B14C4D61B9} = {769C9FB7-D674-4C49-B8DC-021397828DD4}
		{BA09072B-5321-3475-1C0B-04C6BA2E138E} = {769C9FB7-D674-4C49-B8DC-021397828DD4}
	EndGlobalSection
	GlobalSection(ExtensibilityGlobals) = postSolution
		SolutionGuid = {0B58CF8F-CC5C-43A9-89C1-CA79916B148E}
	EndGlobalSection
EndGlobal
